# THIS IS AN AUTOGENERATED FILE. DO NOT EDIT THIS FILE DIRECTLY.
# yarn lockfile v1


chroma-js@^2.0.6:
  version "2.0.6"
  resolved "https://registry.yarnpkg.com/chroma-js/-/chroma-js-2.0.6.tgz#2d4b761be09bf142b541f0011f64f213ecf6c8b6"
  integrity sha512-IiiClbBRkRwuXNl6impq5ssEhUGpmWvc5zzImZbDUWLWcFbj6ZbtsdZEx6sIXMKes7azgYaUpnmsY1T8BL6PqQ==

color-name-list@^4.10.0:
  version "4.10.0"
  resolved "https://registry.yarnpkg.com/color-name-list/-/color-name-list-4.10.0.tgz#e86f64bbbfd82af5bf6afb12a72f0dcfb4ebe4b2"
  integrity sha512-6U3ej4nWpUryklMvqX+TJuHvoA+4u8NROxH6vM1DHkxFKbSb4BFURrkLucnH1BHoehAy2dbRJF3FDju1ohcv0g==

nearest-color@^0.4.4:
  version "0.4.4"
  resolved "https://registry.yarnpkg.com/nearest-color/-/nearest-color-0.4.4.tgz#fb812072b511f4f09a0a316903332e09fa5d7f1d"
  integrity sha512-orhcaIORC10tf41Ld2wwlcC+FaAavHG87JHWB3eHH5p7v2k9Tzym2XNEZzLAm5YJwGv6Q38WWc7SOb+Qfu/4NQ==
